
Microsoft Visual Studio Solution File, Format Version 12.00
# Visual Studio Version 16
VisualStudioVersion = 16.0.31702.278
MinimumVisualStudioVersion = 10.0.40219.1
Project("{8BC9CEB8-8B4A-11D0-8D11-00A0C91BC942}") = "Project1", "Project1\Project1.vcxproj", "{AFE0E88B-0D98-4395-87FB-929BBADE4CA7}"
EndProject
Project("{8BC9CEB8-8B4A-11D0-8D11-00A0C91BC942}") = "Project2", "Project2\Project2.vcxproj", "{6EF93C10-3A7B-4B0E-9A82-0A6B84678BDA}"
EndProject
Project("{8BC9CEB8-8B4A-11D0-8D11-00A0C91BC942}") = "Project3", "Project3\Project3.vcxproj", "{23F47D8D-5458-4087-ABFB-021EBA66265E}"
EndProject
Project("{8BC9CEB8-8B4A-11D0-8D11-00A0C91BC942}") = "Project4", "Project4\Project4.vcxproj", "{E3FFFF91-7E6F-4D4D-897D-570DAF950097}"
EndProject
Project("{8BC9CEB8-8B4A-11D0-8D11-00A0C91BC942}") = "Project5", "Project5\Project5.vcxproj", "{F38C3BF6-82CB-421B-B928-10959CBCBE09}"
EndProject
Project("{8BC9CEB8-8B4A-11D0-8D11-00A0C91BC942}") = "Project6", "Project6\Project6.vcxproj", "{199F675D-ECE1-4A40-AF5B-5B2C9F2FDC3C}"
EndProject
Project("{8BC9CEB8-8B4A-11D0-8D11-00A0C91BC942}") = "Project7", "Project7\Project7.vcxproj", "{61D33041-B15B-419C-AAA6-5553BCB7A83F}"
EndProject
Project("{8BC9CEB8-8B4A-11D0-8D11-00A0C91BC942}") = "Project8", "Project8\Project8.vcxproj", "{A39183C0-1A7F-4162-8420-2B66E631E3E5}"
EndProject
Project("{8BC9CEB8-8B4A-11D0-8D11-00A0C91BC942}") = "Project9", "Project9\Project9.vcxproj", "{EEAB17DF-2241-41D7-8019-E9DA52A9541E}"
EndProject
Project("{8BC9CEB8-8B4A-11D0-8D11-00A0C91BC942}") = "Project10", "Project10\Project10.vcxproj", "{8E7ED825-4BAF-4079-9567-156A24177BC7}"
EndProject
Global
	GlobalSection(SolutionConfigurationPlatforms) = preSolution
		Debug|x64 = Debug|x64
		Debug|x86 = Debug|x86
		Release|x64 = Release|x64
		Release|x86 = Release|x86
	EndGlobalSection
	GlobalSection(ProjectConfigurationPlatforms) = postSolution
		{AFE0E88B-0D98-4395-87FB-929BBADE4CA7}.Debug|x64.ActiveCfg = Debug|x64
		{AFE0E88B-0D98-4395-87FB-929BBADE4CA7}.Debug|x64.Build.0 = Debug|x64
		{AFE0E88B-0D98-4395-87FB-929BBADE4CA7}.Debug|x86.ActiveCfg = Debug|Win32
		{AFE0E88B-0D98-4395-87FB-929BBADE4CA7}.Debug|x86.Build.0 = Debug|Win32
		{AFE0E88B-0D98-4395-87FB-929BBADE4CA7}.Release|x64.ActiveCfg = Release|x64
		{AFE0E88B-0D98-4395-87FB-929BBADE4CA7}.Release|x64.Build.0 = Release|x64
		{AFE0E88B-0D98-4395-87FB-929BBADE4CA7}.Release|x86.ActiveCfg = Release|Win32
		{AFE0E88B-0D98-4395-87FB-929BBADE4CA7}.Release|x86.Build.0 = Release|Win32
		{6EF93C10-3A7B-4B0E-9A82-0A6B84678BDA}.Debug|x64.ActiveCfg = Debug|x64
		{6EF93C10-3A7B-4B0E-9A82-0A6B84678BDA}.Debug|x64.Build.0 = Debug|x64
		{6EF93C10-3A7B-4B0E-9A82-0A6B84678BDA}.Debug|x86.ActiveCfg = Debug|Win32
		{6EF93C10-3A7B-4B0E-9A82-0A6B84678BDA}.Debug|x86.Build.0 = Debug|Win32
		{6EF93C10-3A7B-4B0E-9A82-0A6B84678BDA}.Release|x64.ActiveCfg = Release|x64
		{6EF93C10-3A7B-4B0E-9A82-0A6B84678BDA}.Release|x64.Build.0 = Release|x64
		{6EF93C10-3A7B-4B0E-9A82-0A6B84678BDA}.Release|x86.ActiveCfg = Release|Win32
		{6EF93C10-3A7B-4B0E-9A82-0A6B84678BDA}.Release|x86.Build.0 = Release|Win32
		{23F47D8D-5458-4087-ABFB-021EBA66265E}.Debug|x64.ActiveCfg = Debug|x64
		{23F47D8D-5458-4087-ABFB-021EBA66265E}.Debug|x64.Build.0 = Debug|x64
		{23F47D8D-5458-4087-ABFB-021EBA66265E}.Debug|x86.ActiveCfg = Debug|Win32
		{23F47D8D-5458-4087-ABFB-021EBA66265E}.Debug|x86.Build.0 = Debug|Win32
		{23F47D8D-5458-4087-ABFB-021EBA66265E}.Release|x64.ActiveCfg = Release|x64
		{23F47D8D-5458-4087-ABFB-021EBA66265E}.Release|x64.Build.0 = Release|x64
		{23F47D8D-5458-4087-ABFB-021EBA66265E}.Release|x86.ActiveCfg = Release|Win32
		{23F47D8D-5458-4087-ABFB-021EBA66265E}.Release|x86.Build.0 = Release|Win32
		{E3FFFF91-7E6F-4D4D-897D-570DAF950097}.Debug|x64.ActiveCfg = Debug|x64
		{E3FFFF91-7E6F-4D4D-897D-570DAF950097}.Debug|x64.Build.0 = Debug|x64
		{E3FFFF91-7E6F-4D4D-897D-570DAF950097}.Debug|x86.ActiveCfg = Debug|Win32
		{E3FFFF91-7E6F-4D4D-897D-570DAF950097}.Debug|x86.Build.0 = Debug|Win32
		{E3FFFF91-7E6F-4D4D-897D-570DAF950097}.Release|x64.ActiveCfg = Release|x64
		{E3FFFF91-7E6F-4D4D-897D-570DAF950097}.Release|x64.Build.0 = Release|x64
		{E3FFFF91-7E6F-4D4D-897D-570DAF950097}.Release|x86.ActiveCfg = Release|Win32
		{E3FFFF91-7E6F-4D4D-897D-570DAF950097}.Release|x86.Build.0 = Release|Win32
		{F38C3BF6-82CB-421B-B928-10959CBCBE09}.Debug|x64.ActiveCfg = Debug|x64
		{F38C3BF6-82CB-421B-B928-10959CBCBE09}.Debug|x64.Build.0 = Debug|x64
		{F38C3BF6-82CB-421B-B928-10959CBCBE09}.Debug|x86.ActiveCfg = Debug|Win32
		{F38C3BF6-82CB-421B-B928-10959CBCBE09}.Debug|x86.Build.0 = Debug|Win32
		{F38C3BF6-82CB-421B-B928-10959CBCBE09}.Release|x64.ActiveCfg = Release|x64
		{F38C3BF6-82CB-421B-B928-10959CBCBE09}.Release|x64.Build.0 = Release|x64
		{F38C3BF6-82CB-421B-B928-10959CBCBE09}.Release|x86.ActiveCfg = Release|Win32
		{F38C3BF6-82CB-421B-B928-10959CBCBE09}.Release|x86.Build.0 = Release|Win32
		{199F675D-ECE1-4A40-AF5B-5B2C9F2FDC3C}.Debug|x64.ActiveCfg = Debug|x64
		{199F675D-ECE1-4A40-AF5B-5B2C9F2FDC3C}.Debug|x64.Build.0 = Debug|x64
		{199F675D-ECE1-4A40-AF5B-5B2C9F2FDC3C}.Debug|x86.ActiveCfg = Debug|Win32
		{199F675D-ECE1-4A40-AF5B-5B2C9F2FDC3C}.Debug|x86.Build.0 = Debug|Win32
		{199F675D-ECE1-4A40-AF5B-5B2C9F2FDC3C}.Release|x64.ActiveCfg = Release|x64
		{199F675D-ECE1-4A40-AF5B-5B2C9F2FDC3C}.Release|x64.Build.0 = Release|x64
		{199F675D-ECE1-4A40-AF5B-5B2C9F2FDC3C}.Release|x86.ActiveCfg = Release|Win32
		{199F675D-ECE1-4A40-AF5B-5B2C9F2FDC3C}.Release|x86.Build.0 = Release|Win32
		{61D33041-B15B-419C-AAA6-5553BCB7A83F}.Debug|x64.ActiveCfg = Debug|x64
		{61D33041-B15B-419C-AAA6-5553BCB7A83F}.Debug|x64.Build.0 = Debug|x64
		{61D33041-B15B-419C-AAA6-5553BCB7A83F}.Debug|x86.ActiveCfg = Debug|Win32
		{61D33041-B15B-419C-AAA6-5553BCB7A83F}.Debug|x86.Build.0 = Debug|Win32
		{61D33041-B15B-419C-AAA6-5553BCB7A83F}.Release|x64.ActiveCfg = Release|x64
		{61D33041-B15B-419C-AAA6-5553BCB7A83F}.Release|x64.Build.0 = Release|x64
		{61D33041-B15B-419C-AAA6-5553BCB7A83F}.Release|x86.ActiveCfg = Release|Win32
		{61D33041-B15B-419C-AAA6-5553BCB7A83F}.Release|x86.Build.0 = Release|Win32
		{A39183C0-1A7F-4162-8420-2B66E631E3E5}.Debug|x64.ActiveCfg = Debug|x64
		{A39183C0-1A7F-4162-8420-2B66E631E3E5}.Debug|x64.Build.0 = Debug|x64
		{A39183C0-1A7F-4162-8420-2B66E631E3E5}.Debug|x86.ActiveCfg = Debug|Win32
		{A39183C0-1A7F-4162-8420-2B66E631E3E5}.Debug|x86.Build.0 = Debug|Win32
		{A39183C0-1A7F-4162-8420-2B66E631E3E5}.Release|x64.ActiveCfg = Release|x64
		{A39183C0-1A7F-4162-8420-2B66E631E3E5}.Release|x64.Build.0 = Release|x64
		{A39183C0-1A7F-4162-8420-2B66E631E3E5}.Release|x86.ActiveCfg = Release|Win32
		{A39183C0-1A7F-4162-8420-2B66E631E3E5}.Release|x86.Build.0 = Release|Win32
		{EEAB17DF-2241-41D7-8019-E9DA52A9541E}.Debug|x64.ActiveCfg = Debug|x64
		{EEAB17DF-2241-41D7-8019-E9DA52A9541E}.Debug|x64.Build.0 = Debug|x64
		{EEAB17DF-2241-41D7-8019-E9DA52A9541E}.Debug|x86.ActiveCfg = Debug|Win32
		{EEAB17DF-2241-41D7-8019-E9DA52A9541E}.Debug|x86.Build.0 = Debug|Win32
		{EEAB17DF-2241-41D7-8019-E9DA52A9541E}.Release|x64.ActiveCfg = Release|x64
		{EEAB17DF-2241-41D7-8019-E9DA52A9541E}.Release|x64.Build.0 = Release|x64
		{EEAB17DF-2241-41D7-8019-E9DA52A9541E}.Release|x86.ActiveCfg = Release|Win32
		{EEAB17DF-2241-41D7-8019-E9DA52A9541E}.Release|x86.Build.0 = Release|Win32
		{8E7ED825-4BAF-4079-9567-156A24177BC7}.Debug|x64.ActiveCfg = Debug|x64
		{8E7ED825-4BAF-4079-9567-156A24177BC7}.Debug|x64.Build.0 = Debug|x64
		{8E7ED825-4BAF-4079-9567-156A24177BC7}.Debug|x86.ActiveCfg = Debug|Win32
		{8E7ED825-4BAF-4079-9567-156A24177BC7}.Debug|x86.Build.0 = Debug|Win32
		{8E7ED825-4BAF-4079-9567-156A24177BC7}.Release|x64.ActiveCfg = Release|x64
		{8E7ED825-4BAF-4079-9567-156A24177BC7}.Release|x64.Build.0 = Release|x64
		{8E7ED825-4BAF-4079-9567-156A24177BC7}.Release|x86.ActiveCfg = Release|Win32
		{8E7ED825-4BAF-4079-9567-156A24177BC7}.Release|x86.Build.0 = Release|Win32
	EndGlobalSection
	GlobalSection(SolutionProperties) = preSolution
		HideSolutionNode = FALSE
	EndGlobalSection
	GlobalSection(ExtensibilityGlobals) = postSolution
		SolutionGuid = {BE767FB0-88B4-45B6-8C81-1C51D5DFEE61}
	EndGlobalSection
EndGlobal
