
Microsoft Visual Studio Solution File, Format Version 12.00
# Visual Studio Version 16
VisualStudioVersion = 16.0.31702.278
MinimumVisualStudioVersion = 10.0.40219.1
Project("{8BC9CEB8-8B4A-11D0-8D11-00A0C91BC942}") = "2021.09.27-Homework-2", "2021.09.27-Homework-2\2021.09.27-Homework-2.vcxproj", "{35F5E31C-69F0-45A6-878E-27C9C5EA2C3F}"
EndProject
Project("{8BC9CEB8-8B4A-11D0-8D11-00A0C91BC942}") = "Project1", "Project2\Project2.vcxproj", "{95BB6B0C-6F8B-4163-BF78-B82107C77D26}"
EndProject
Project("{8BC9CEB8-8B4A-11D0-8D11-00A0C91BC942}") = "Project3", "Project3\Project3.vcxproj", "{B9226869-9B2C-4B01-82CC-F71E31967F4B}"
EndProject
Project("{8BC9CEB8-8B4A-11D0-8D11-00A0C91BC942}") = "Project4", "Project4\Project4.vcxproj", "{8AC46DE7-70A0-449A-B7E1-1E9357A93901}"
EndProject
Project("{8BC9CEB8-8B4A-11D0-8D11-00A0C91BC942}") = "Project5", "Project5\Project5.vcxproj", "{D5E69D74-C728-42F1-B933-B7CFAD12C49B}"
EndProject
Project("{8BC9CEB8-8B4A-11D0-8D11-00A0C91BC942}") = "Project6", "Project6\Project6.vcxproj", "{890080A2-CFDD-4FA1-872B-ABEAF7B4F434}"
EndProject
Project("{8BC9CEB8-8B4A-11D0-8D11-00A0C91BC942}") = "Project7", "Project7\Project7.vcxproj", "{5E207A8C-C36C-44DB-9564-83F6BD06E3FD}"
EndProject
Project("{8BC9CEB8-8B4A-11D0-8D11-00A0C91BC942}") = "Project8", "Project8\Project8.vcxproj", "{9467FA5D-15C1-45C6-A099-E78B819CC37D}"
EndProject
Project("{8BC9CEB8-8B4A-11D0-8D11-00A0C91BC942}") = "Project9", "Project9\Project9.vcxproj", "{81B5144D-42D7-4229-BC33-AD7B5F2CDF55}"
EndProject
Global
	GlobalSection(SolutionConfigurationPlatforms) = preSolution
		Debug|x64 = Debug|x64
		Debug|x86 = Debug|x86
		Release|x64 = Release|x64
		Release|x86 = Release|x86
	EndGlobalSection
	GlobalSection(ProjectConfigurationPlatforms) = postSolution
		{35F5E31C-69F0-45A6-878E-27C9C5EA2C3F}.Debug|x64.ActiveCfg = Debug|x64
		{35F5E31C-69F0-45A6-878E-27C9C5EA2C3F}.Debug|x64.Build.0 = Debug|x64
		{35F5E31C-69F0-45A6-878E-27C9C5EA2C3F}.Debug|x86.ActiveCfg = Debug|Win32
		{35F5E31C-69F0-45A6-878E-27C9C5EA2C3F}.Debug|x86.Build.0 = Debug|Win32
		{35F5E31C-69F0-45A6-878E-27C9C5EA2C3F}.Release|x64.ActiveCfg = Release|x64
		{35F5E31C-69F0-45A6-878E-27C9C5EA2C3F}.Release|x64.Build.0 = Release|x64
		{35F5E31C-69F0-45A6-878E-27C9C5EA2C3F}.Release|x86.ActiveCfg = Release|Win32
		{35F5E31C-69F0-45A6-878E-27C9C5EA2C3F}.Release|x86.Build.0 = Release|Win32
		{95BB6B0C-6F8B-4163-BF78-B82107C77D26}.Debug|x64.ActiveCfg = Debug|x64
		{95BB6B0C-6F8B-4163-BF78-B82107C77D26}.Debug|x64.Build.0 = Debug|x64
		{95BB6B0C-6F8B-4163-BF78-B82107C77D26}.Debug|x86.ActiveCfg = Debug|Win32
		{95BB6B0C-6F8B-4163-BF78-B82107C77D26}.Debug|x86.Build.0 = Debug|Win32
		{95BB6B0C-6F8B-4163-BF78-B82107C77D26}.Release|x64.ActiveCfg = Release|x64
		{95BB6B0C-6F8B-4163-BF78-B82107C77D26}.Release|x64.Build.0 = Release|x64
		{95BB6B0C-6F8B-4163-BF78-B82107C77D26}.Release|x86.ActiveCfg = Release|Win32
		{95BB6B0C-6F8B-4163-BF78-B82107C77D26}.Release|x86.Build.0 = Release|Win32
		{B9226869-9B2C-4B01-82CC-F71E31967F4B}.Debug|x64.ActiveCfg = Debug|x64
		{B9226869-9B2C-4B01-82CC-F71E31967F4B}.Debug|x64.Build.0 = Debug|x64
		{B9226869-9B2C-4B01-82CC-F71E31967F4B}.Debug|x86.ActiveCfg = Debug|Win32
		{B9226869-9B2C-4B01-82CC-F71E31967F4B}.Debug|x86.Build.0 = Debug|Win32
		{B9226869-9B2C-4B01-82CC-F71E31967F4B}.Release|x64.ActiveCfg = Release|x64
		{B9226869-9B2C-4B01-82CC-F71E31967F4B}.Release|x64.Build.0 = Release|x64
		{B9226869-9B2C-4B01-82CC-F71E31967F4B}.Release|x86.ActiveCfg = Release|Win32
		{B9226869-9B2C-4B01-82CC-F71E31967F4B}.Release|x86.Build.0 = Release|Win32
		{8AC46DE7-70A0-449A-B7E1-1E9357A93901}.Debug|x64.ActiveCfg = Debug|x64
		{8AC46DE7-70A0-449A-B7E1-1E9357A93901}.Debug|x64.Build.0 = Debug|x64
		{8AC46DE7-70A0-449A-B7E1-1E9357A93901}.Debug|x86.ActiveCfg = Debug|Win32
		{8AC46DE7-70A0-449A-B7E1-1E9357A93901}.Debug|x86.Build.0 = Debug|Win32
		{8AC46DE7-70A0-449A-B7E1-1E9357A93901}.Release|x64.ActiveCfg = Release|x64
		{8AC46DE7-70A0-449A-B7E1-1E9357A93901}.Release|x64.Build.0 = Release|x64
		{8AC46DE7-70A0-449A-B7E1-1E9357A93901}.Release|x86.ActiveCfg = Release|Win32
		{8AC46DE7-70A0-449A-B7E1-1E9357A93901}.Release|x86.Build.0 = Release|Win32
		{D5E69D74-C728-42F1-B933-B7CFAD12C49B}.Debug|x64.ActiveCfg = Debug|x64
		{D5E69D74-C728-42F1-B933-B7CFAD12C49B}.Debug|x64.Build.0 = Debug|x64
		{D5E69D74-C728-42F1-B933-B7CFAD12C49B}.Debug|x86.ActiveCfg = Debug|Win32
		{D5E69D74-C728-42F1-B933-B7CFAD12C49B}.Debug|x86.Build.0 = Debug|Win32
		{D5E69D74-C728-42F1-B933-B7CFAD12C49B}.Release|x64.ActiveCfg = Release|x64
		{D5E69D74-C728-42F1-B933-B7CFAD12C49B}.Release|x64.Build.0 = Release|x64
		{D5E69D74-C728-42F1-B933-B7CFAD12C49B}.Release|x86.ActiveCfg = Release|Win32
		{D5E69D74-C728-42F1-B933-B7CFAD12C49B}.Release|x86.Build.0 = Release|Win32
		{890080A2-CFDD-4FA1-872B-ABEAF7B4F434}.Debug|x64.ActiveCfg = Debug|x64
		{890080A2-CFDD-4FA1-872B-ABEAF7B4F434}.Debug|x64.Build.0 = Debug|x64
		{890080A2-CFDD-4FA1-872B-ABEAF7B4F434}.Debug|x86.ActiveCfg = Debug|Win32
		{890080A2-CFDD-4FA1-872B-ABEAF7B4F434}.Debug|x86.Build.0 = Debug|Win32
		{890080A2-CFDD-4FA1-872B-ABEAF7B4F434}.Release|x64.ActiveCfg = Release|x64
		{890080A2-CFDD-4FA1-872B-ABEAF7B4F434}.Release|x64.Build.0 = Release|x64
		{890080A2-CFDD-4FA1-872B-ABEAF7B4F434}.Release|x86.ActiveCfg = Release|Win32
		{890080A2-CFDD-4FA1-872B-ABEAF7B4F434}.Release|x86.Build.0 = Release|Win32
		{5E207A8C-C36C-44DB-9564-83F6BD06E3FD}.Debug|x64.ActiveCfg = Debug|x64
		{5E207A8C-C36C-44DB-9564-83F6BD06E3FD}.Debug|x64.Build.0 = Debug|x64
		{5E207A8C-C36C-44DB-9564-83F6BD06E3FD}.Debug|x86.ActiveCfg = Debug|Win32
		{5E207A8C-C36C-44DB-9564-83F6BD06E3FD}.Debug|x86.Build.0 = Debug|Win32
		{5E207A8C-C36C-44DB-9564-83F6BD06E3FD}.Release|x64.ActiveCfg = Release|x64
		{5E207A8C-C36C-44DB-9564-83F6BD06E3FD}.Release|x64.Build.0 = Release|x64
		{5E207A8C-C36C-44DB-9564-83F6BD06E3FD}.Release|x86.ActiveCfg = Release|Win32
		{5E207A8C-C36C-44DB-9564-83F6BD06E3FD}.Release|x86.Build.0 = Release|Win32
		{9467FA5D-15C1-45C6-A099-E78B819CC37D}.Debug|x64.ActiveCfg = Debug|x64
		{9467FA5D-15C1-45C6-A099-E78B819CC37D}.Debug|x64.Build.0 = Debug|x64
		{9467FA5D-15C1-45C6-A099-E78B819CC37D}.Debug|x86.ActiveCfg = Debug|Win32
		{9467FA5D-15C1-45C6-A099-E78B819CC37D}.Debug|x86.Build.0 = Debug|Win32
		{9467FA5D-15C1-45C6-A099-E78B819CC37D}.Release|x64.ActiveCfg = Release|x64
		{9467FA5D-15C1-45C6-A099-E78B819CC37D}.Release|x64.Build.0 = Release|x64
		{9467FA5D-15C1-45C6-A099-E78B819CC37D}.Release|x86.ActiveCfg = Release|Win32
		{9467FA5D-15C1-45C6-A099-E78B819CC37D}.Release|x86.Build.0 = Release|Win32
		{81B5144D-42D7-4229-BC33-AD7B5F2CDF55}.Debug|x64.ActiveCfg = Debug|x64
		{81B5144D-42D7-4229-BC33-AD7B5F2CDF55}.Debug|x64.Build.0 = Debug|x64
		{81B5144D-42D7-4229-BC33-AD7B5F2CDF55}.Debug|x86.ActiveCfg = Debug|Win32
		{81B5144D-42D7-4229-BC33-AD7B5F2CDF55}.Debug|x86.Build.0 = Debug|Win32
		{81B5144D-42D7-4229-BC33-AD7B5F2CDF55}.Release|x64.ActiveCfg = Release|x64
		{81B5144D-42D7-4229-BC33-AD7B5F2CDF55}.Release|x64.Build.0 = Release|x64
		{81B5144D-42D7-4229-BC33-AD7B5F2CDF55}.Release|x86.ActiveCfg = Release|Win32
		{81B5144D-42D7-4229-BC33-AD7B5F2CDF55}.Release|x86.Build.0 = Release|Win32
	EndGlobalSection
	GlobalSection(SolutionProperties) = preSolution
		HideSolutionNode = FALSE
	EndGlobalSection
	GlobalSection(ExtensibilityGlobals) = postSolution
		SolutionGuid = {0A22737C-FF66-427C-B6DB-C6E011E365B7}
	EndGlobalSection
EndGlobal
