
Microsoft Visual Studio Solution File, Format Version 12.00
# Visual Studio Version 16
VisualStudioVersion = 16.0.31129.286
MinimumVisualStudioVersion = 10.0.40219.1
Project("{8BC9CEB8-8B4A-11D0-8D11-00A0C91BC942}") = "Project1", "Project1\Project1.vcxproj", "{D410B51A-CAB5-4E84-84A8-F65637D91A00}"
EndProject
Project("{8BC9CEB8-8B4A-11D0-8D11-00A0C91BC942}") = "Project2", "Project2\Project2.vcxproj", "{835117A3-4EF6-48B7-8A5B-D0D1C623D1CC}"
EndProject
Project("{8BC9CEB8-8B4A-11D0-8D11-00A0C91BC942}") = "Project3", "Project3\Project3.vcxproj", "{623F4BA4-B312-406B-ADB2-CAFE44D01650}"
EndProject
Project("{8BC9CEB8-8B4A-11D0-8D11-00A0C91BC942}") = "Project4", "Project4\Project4.vcxproj", "{F2AEA8CB-6979-4E3A-9EF3-F8ACB94498ED}"
EndProject
Project("{8BC9CEB8-8B4A-11D0-8D11-00A0C91BC942}") = "Project5", "Project5\Project5.vcxproj", "{55E535FC-1F80-40DC-8AE1-E761EAB5F94A}"
EndProject
Project("{8BC9CEB8-8B4A-11D0-8D11-00A0C91BC942}") = "Project6", "Project6\Project6.vcxproj", "{EE657083-1954-41AD-B31D-A3DA3F24DFFF}"
EndProject
Project("{8BC9CEB8-8B4A-11D0-8D11-00A0C91BC942}") = "Project7", "Project7\Project7.vcxproj", "{3D4E693A-D604-4176-828B-9E5AB83641C7}"
EndProject
Project("{8BC9CEB8-8B4A-11D0-8D11-00A0C91BC942}") = "Project9", "D:\Project\Project8\Project8.vcxproj", "{97BC73DB-4B92-4AD3-8012-0CA2E5BBC339}"
EndProject
Project("{8BC9CEB8-8B4A-11D0-8D11-00A0C91BC942}") = "Project8", "D:\Project\Project.vcxproj", "{6766A765-3447-45F1-95CC-CEBC51E839D6}"
EndProject
Project("{8BC9CEB8-8B4A-11D0-8D11-00A0C91BC942}") = "Project10", "D:\Project\Project10\Project10.vcxproj", "{286F8B7A-6EE2-44D7-A18D-A7CC4EA61B28}"
EndProject
Global
	GlobalSection(SolutionConfigurationPlatforms) = preSolution
		Debug|x64 = Debug|x64
		Debug|x86 = Debug|x86
		Release|x64 = Release|x64
		Release|x86 = Release|x86
	EndGlobalSection
	GlobalSection(ProjectConfigurationPlatforms) = postSolution
		{D410B51A-CAB5-4E84-84A8-F65637D91A00}.Debug|x64.ActiveCfg = Debug|x64
		{D410B51A-CAB5-4E84-84A8-F65637D91A00}.Debug|x64.Build.0 = Debug|x64
		{D410B51A-CAB5-4E84-84A8-F65637D91A00}.Debug|x86.ActiveCfg = Debug|Win32
		{D410B51A-CAB5-4E84-84A8-F65637D91A00}.Debug|x86.Build.0 = Debug|Win32
		{D410B51A-CAB5-4E84-84A8-F65637D91A00}.Release|x64.ActiveCfg = Release|x64
		{D410B51A-CAB5-4E84-84A8-F65637D91A00}.Release|x64.Build.0 = Release|x64
		{D410B51A-CAB5-4E84-84A8-F65637D91A00}.Release|x86.ActiveCfg = Release|Win32
		{D410B51A-CAB5-4E84-84A8-F65637D91A00}.Release|x86.Build.0 = Release|Win32
		{835117A3-4EF6-48B7-8A5B-D0D1C623D1CC}.Debug|x64.ActiveCfg = Debug|x64
		{835117A3-4EF6-48B7-8A5B-D0D1C623D1CC}.Debug|x64.Build.0 = Debug|x64
		{835117A3-4EF6-48B7-8A5B-D0D1C623D1CC}.Debug|x86.ActiveCfg = Debug|Win32
		{835117A3-4EF6-48B7-8A5B-D0D1C623D1CC}.Debug|x86.Build.0 = Debug|Win32
		{835117A3-4EF6-48B7-8A5B-D0D1C623D1CC}.Release|x64.ActiveCfg = Release|x64
		{835117A3-4EF6-48B7-8A5B-D0D1C623D1CC}.Release|x64.Build.0 = Release|x64
		{835117A3-4EF6-48B7-8A5B-D0D1C623D1CC}.Release|x86.ActiveCfg = Release|Win32
		{835117A3-4EF6-48B7-8A5B-D0D1C623D1CC}.Release|x86.Build.0 = Release|Win32
		{623F4BA4-B312-406B-ADB2-CAFE44D01650}.Debug|x64.ActiveCfg = Debug|x64
		{623F4BA4-B312-406B-ADB2-CAFE44D01650}.Debug|x64.Build.0 = Debug|x64
		{623F4BA4-B312-406B-ADB2-CAFE44D01650}.Debug|x86.ActiveCfg = Debug|Win32
		{623F4BA4-B312-406B-ADB2-CAFE44D01650}.Debug|x86.Build.0 = Debug|Win32
		{623F4BA4-B312-406B-ADB2-CAFE44D01650}.Release|x64.ActiveCfg = Release|x64
		{623F4BA4-B312-406B-ADB2-CAFE44D01650}.Release|x64.Build.0 = Release|x64
		{623F4BA4-B312-406B-ADB2-CAFE44D01650}.Release|x86.ActiveCfg = Release|Win32
		{623F4BA4-B312-406B-ADB2-CAFE44D01650}.Release|x86.Build.0 = Release|Win32
		{F2AEA8CB-6979-4E3A-9EF3-F8ACB94498ED}.Debug|x64.ActiveCfg = Debug|x64
		{F2AEA8CB-6979-4E3A-9EF3-F8ACB94498ED}.Debug|x64.Build.0 = Debug|x64
		{F2AEA8CB-6979-4E3A-9EF3-F8ACB94498ED}.Debug|x86.ActiveCfg = Debug|Win32
		{F2AEA8CB-6979-4E3A-9EF3-F8ACB94498ED}.Debug|x86.Build.0 = Debug|Win32
		{F2AEA8CB-6979-4E3A-9EF3-F8ACB94498ED}.Release|x64.ActiveCfg = Release|x64
		{F2AEA8CB-6979-4E3A-9EF3-F8ACB94498ED}.Release|x64.Build.0 = Release|x64
		{F2AEA8CB-6979-4E3A-9EF3-F8ACB94498ED}.Release|x86.ActiveCfg = Release|Win32
		{F2AEA8CB-6979-4E3A-9EF3-F8ACB94498ED}.Release|x86.Build.0 = Release|Win32
		{55E535FC-1F80-40DC-8AE1-E761EAB5F94A}.Debug|x64.ActiveCfg = Debug|x64
		{55E535FC-1F80-40DC-8AE1-E761EAB5F94A}.Debug|x64.Build.0 = Debug|x64
		{55E535FC-1F80-40DC-8AE1-E761EAB5F94A}.Debug|x86.ActiveCfg = Debug|Win32
		{55E535FC-1F80-40DC-8AE1-E761EAB5F94A}.Debug|x86.Build.0 = Debug|Win32
		{55E535FC-1F80-40DC-8AE1-E761EAB5F94A}.Release|x64.ActiveCfg = Release|x64
		{55E535FC-1F80-40DC-8AE1-E761EAB5F94A}.Release|x64.Build.0 = Release|x64
		{55E535FC-1F80-40DC-8AE1-E761EAB5F94A}.Release|x86.ActiveCfg = Release|Win32
		{55E535FC-1F80-40DC-8AE1-E761EAB5F94A}.Release|x86.Build.0 = Release|Win32
		{EE657083-1954-41AD-B31D-A3DA3F24DFFF}.Debug|x64.ActiveCfg = Debug|x64
		{EE657083-1954-41AD-B31D-A3DA3F24DFFF}.Debug|x64.Build.0 = Debug|x64
		{EE657083-1954-41AD-B31D-A3DA3F24DFFF}.Debug|x86.ActiveCfg = Debug|Win32
		{EE657083-1954-41AD-B31D-A3DA3F24DFFF}.Debug|x86.Build.0 = Debug|Win32
		{EE657083-1954-41AD-B31D-A3DA3F24DFFF}.Release|x64.ActiveCfg = Release|x64
		{EE657083-1954-41AD-B31D-A3DA3F24DFFF}.Release|x64.Build.0 = Release|x64
		{EE657083-1954-41AD-B31D-A3DA3F24DFFF}.Release|x86.ActiveCfg = Release|Win32
		{EE657083-1954-41AD-B31D-A3DA3F24DFFF}.Release|x86.Build.0 = Release|Win32
		{3D4E693A-D604-4176-828B-9E5AB83641C7}.Debug|x64.ActiveCfg = Debug|x64
		{3D4E693A-D604-4176-828B-9E5AB83641C7}.Debug|x64.Build.0 = Debug|x64
		{3D4E693A-D604-4176-828B-9E5AB83641C7}.Debug|x86.ActiveCfg = Debug|Win32
		{3D4E693A-D604-4176-828B-9E5AB83641C7}.Debug|x86.Build.0 = Debug|Win32
		{3D4E693A-D604-4176-828B-9E5AB83641C7}.Release|x64.ActiveCfg = Release|x64
		{3D4E693A-D604-4176-828B-9E5AB83641C7}.Release|x64.Build.0 = Release|x64
		{3D4E693A-D604-4176-828B-9E5AB83641C7}.Release|x86.ActiveCfg = Release|Win32
		{3D4E693A-D604-4176-828B-9E5AB83641C7}.Release|x86.Build.0 = Release|Win32
		{97BC73DB-4B92-4AD3-8012-0CA2E5BBC339}.Debug|x64.ActiveCfg = Debug|x64
		{97BC73DB-4B92-4AD3-8012-0CA2E5BBC339}.Debug|x64.Build.0 = Debug|x64
		{97BC73DB-4B92-4AD3-8012-0CA2E5BBC339}.Debug|x86.ActiveCfg = Debug|Win32
		{97BC73DB-4B92-4AD3-8012-0CA2E5BBC339}.Debug|x86.Build.0 = Debug|Win32
		{97BC73DB-4B92-4AD3-8012-0CA2E5BBC339}.Release|x64.ActiveCfg = Release|x64
		{97BC73DB-4B92-4AD3-8012-0CA2E5BBC339}.Release|x64.Build.0 = Release|x64
		{97BC73DB-4B92-4AD3-8012-0CA2E5BBC339}.Release|x86.ActiveCfg = Release|Win32
		{97BC73DB-4B92-4AD3-8012-0CA2E5BBC339}.Release|x86.Build.0 = Release|Win32
		{6766A765-3447-45F1-95CC-CEBC51E839D6}.Debug|x64.ActiveCfg = Debug|x64
		{6766A765-3447-45F1-95CC-CEBC51E839D6}.Debug|x64.Build.0 = Debug|x64
		{6766A765-3447-45F1-95CC-CEBC51E839D6}.Debug|x86.ActiveCfg = Debug|Win32
		{6766A765-3447-45F1-95CC-CEBC51E839D6}.Debug|x86.Build.0 = Debug|Win32
		{6766A765-3447-45F1-95CC-CEBC51E839D6}.Release|x64.ActiveCfg = Release|x64
		{6766A765-3447-45F1-95CC-CEBC51E839D6}.Release|x64.Build.0 = Release|x64
		{6766A765-3447-45F1-95CC-CEBC51E839D6}.Release|x86.ActiveCfg = Release|Win32
		{6766A765-3447-45F1-95CC-CEBC51E839D6}.Release|x86.Build.0 = Release|Win32
		{286F8B7A-6EE2-44D7-A18D-A7CC4EA61B28}.Debug|x64.ActiveCfg = Debug|x64
		{286F8B7A-6EE2-44D7-A18D-A7CC4EA61B28}.Debug|x64.Build.0 = Debug|x64
		{286F8B7A-6EE2-44D7-A18D-A7CC4EA61B28}.Debug|x86.ActiveCfg = Debug|Win32
		{286F8B7A-6EE2-44D7-A18D-A7CC4EA61B28}.Debug|x86.Build.0 = Debug|Win32
		{286F8B7A-6EE2-44D7-A18D-A7CC4EA61B28}.Release|x64.ActiveCfg = Release|x64
		{286F8B7A-6EE2-44D7-A18D-A7CC4EA61B28}.Release|x64.Build.0 = Release|x64
		{286F8B7A-6EE2-44D7-A18D-A7CC4EA61B28}.Release|x86.ActiveCfg = Release|Win32
		{286F8B7A-6EE2-44D7-A18D-A7CC4EA61B28}.Release|x86.Build.0 = Release|Win32
	EndGlobalSection
	GlobalSection(SolutionProperties) = preSolution
		HideSolutionNode = FALSE
	EndGlobalSection
	GlobalSection(ExtensibilityGlobals) = postSolution
		SolutionGuid = {3E7B3809-C7B4-4BDE-9551-BFEA3DA7F40C}
	EndGlobalSection
EndGlobal
